{
  "originHash" : "a8a86f516ecb4668bb9ac6636489c99ae14050fc66f1f14083044b776475e917",
  "pins" : [
    {
      "identity" : "corexlsx",
      "kind" : "remoteSourceControl",
      "location" : "https://github.com/CoreOffice/CoreXLSX",
      "state" : {
        "revision" : "1391f3832ea2eeee5186ea8abb81ea49ed0609cc",
        "version" : "0.14.2"
      }
    },
    {
      "identity" : "parabulletstatkit",
      "kind" : "remoteSourceControl",
      "location" : "https://github.com/KunalKumarSwift/ParabulletStatKit",
      "state" : {
        "branch" : "main",
        "revision" : "6cb27502aa031b9d1ed17e112d1c400218b66c85"
      }
    },
    {
      "identity" : "xmlcoder",
      "kind" : "remoteSourceControl",
      "location" : "https://github.com/maxdesiatov/XMLCoder.git",
      "state" : {
        "revision" : "ca932442d7481700f5434a7b138c47dd42d9902b",
        "version" : "0.14.0"
      }
    },
    {
      "identity" : "zipfoundation",
      "kind" : "remoteSourceControl",
      "location" : "https://github.com/weichsel/ZIPFoundation.git",
      "state" : {
        "revision" : "02b6abe5f6eef7e3cbd5f247c5cc24e246efcfe0",
        "version" : "0.9.19"
      }
    }
  ],
  "version" : 3
}
